# THIS IS AN AUTOGENERATED FILE. DO NOT EDIT THIS FILE DIRECTLY.
# yarn lockfile v1


babylon@^6.18.0:
  version "6.18.0"
  resolved "https://registry.yarnpkg.com/babylon/-/babylon-6.18.0.tgz#af2f3b88fa6f5c1e4c634d1a0f8eac4f55b395e3"
  integrity sha512-q/UEjfGJ2Cm3oKV71DJz9d25TPnq5rhBVL2Q4fA5wcC3jcrdn7+SssEybFIxwAvvP+YCsCYNKughoF33GxgycQ==

flow-parser@^0.160.0:
  version "0.160.0"
  resolved "https://registry.yarnpkg.com/flow-parser/-/flow-parser-0.160.0.tgz#994ebe3487d1850c44bb70621a1d842e8308046f"
  integrity sha512-IBlEM3MCdZfb2gC3QSS5tHdlziVPFwmuz+4Oy+IYaZdRvZZnsoDE3Z4uUmC0xqZwLNk2X6v7M7R++G1V3fgsRA==

typescript@^4.4.3:
  version "4.4.3"
  resolved "https://registry.yarnpkg.com/typescript/-/typescript-4.4.3.tgz#bdc5407caa2b109efd4f82fe130656f977a29324"
  integrity sha512-4xfscpisVgqqDfPaJo5vkd+Qd/ItkoagnHpufr+i2QCHBsNYp+G7UAoyFl8aPtx879u38wPV65rZ8qbGZijalA==
